# This file was autogenerated by uv via the following command:
#    uv pip compile --universal --python 310 pyproject.toml --extra dev -o .lockfiles/py310-dev.lock
alabaster==0.7.16
    # via sphinx
altair==5.3.0
    # via streamlit
anyio==4.4.0
    # via
    #   httpx
    #   jupyter-server
appnope==0.1.4 ; platform_system == 'Darwin'
    # via ipykernel
argon2-cffi==23.1.0
    # via jupyter-server
argon2-cffi-bindings==21.2.0
    # via argon2-cffi
arrow==1.3.0
    # via isoduration
asttokens==2.4.1
    # via stack-data
async-lru==2.0.4
    # via jupyterlab
attrs==24.2.0
    # via
    #   baybe (pyproject.toml)
    #   cattrs
    #   hypothesis
    #   jsonschema
    #   referencing
autograd==1.6.2
    # via
    #   autograd-gamma
    #   lifelines
autograd-gamma==0.5.0
    # via lifelines
babel==2.15.0
    # via
    #   jupyterlab-server
    #   sphinx
beautifulsoup4==4.12.3
    # via
    #   furo
    #   nbconvert
bleach==6.1.0
    # via nbconvert
blinker==1.8.2
    # via streamlit
boolean-py==4.0
    # via license-expression
botorch==0.11.3
    # via baybe (pyproject.toml)
cachecontrol==0.14.0
    # via pip-audit
cachetools==5.4.0
    # via
    #   streamlit
    #   tox
cattrs==23.2.3
    # via baybe (pyproject.toml)
certifi==2024.7.4
    # via
    #   httpcore
    #   httpx
    #   requests
cffi==1.16.0
    # via
    #   argon2-cffi-bindings
    #   pyzmq
cfgv==3.4.0
    # via pre-commit
chardet==5.2.0
    # via tox
charset-normalizer==3.3.2
    # via requests
click==8.1.7
    # via
    #   dask
    #   pydoclint
    #   streamlit
cloudpickle==3.0.0
    # via dask
colorama==0.4.6
    # via
    #   click
    #   ipython
    #   pytest
    #   sphinx
    #   tox
    #   tqdm
coloredlogs==15.0.1
    # via onnxruntime
comm==0.2.2
    # via
    #   ipykernel
    #   ipywidgets
contourpy==1.2.1
    # via matplotlib
coverage==7.6.0
    # via pytest-cov
cycler==0.12.1
    # via matplotlib
cyclonedx-python-lib==7.5.1
    # via pip-audit
dask==2024.7.1
    # via xyzpy
debugpy==1.8.2
    # via ipykernel
decorator==5.1.1
    # via ipython
defusedxml==0.7.1
    # via
    #   nbconvert
    #   py-serializable
deprecated==1.2.14
    # via
    #   opentelemetry-api
    #   opentelemetry-exporter-otlp-proto-grpc
    #   opentelemetry-exporter-otlp-proto-http
distlib==0.3.8
    # via virtualenv
docstring-parser-fork==0.0.9
    # via pydoclint
docutils==0.21.2
    # via
    #   myst-parser
    #   pybtex-docutils
    #   sphinx
    #   sphinxcontrib-bibtex
et-xmlfile==1.1.0
    # via openpyxl
exceptiongroup==1.2.2
    # via
    #   baybe (pyproject.toml)
    #   anyio
    #   cattrs
    #   hypothesis
    #   ipython
    #   pytest
executing==2.0.1
    # via stack-data
fastjsonschema==2.20.0
    # via nbformat
filelock==3.15.4
    # via
    #   cachecontrol
    #   torch
    #   tox
    #   triton
    #   virtualenv
flake8==7.1.0
    # via baybe (pyproject.toml)
flatbuffers==24.3.25
    # via onnxruntime
fonttools==4.53.1
    # via matplotlib
formulaic==1.0.2
    # via lifelines
fqdn==1.5.1
    # via jsonschema
fsspec==2024.6.1
    # via
    #   dask
    #   torch
funcy==1.17
    # via
    #   baybe (pyproject.toml)
    #   funcy-stubs
funcy-stubs==0.1.1
    # via baybe (pyproject.toml)
furo==2024.7.18
    # via baybe (pyproject.toml)
future==1.0.0
    # via autograd
gitdb==4.0.11
    # via gitpython
gitpython==3.1.43
    # via streamlit
googleapis-common-protos==1.63.2
    # via
    #   opentelemetry-exporter-otlp-proto-grpc
    #   opentelemetry-exporter-otlp-proto-http
gpytorch==1.12
    # via
    #   baybe (pyproject.toml)
    #   botorch
grpcio==1.65.1
    # via opentelemetry-exporter-otlp-proto-grpc
h11==0.14.0
    # via httpcore
h5netcdf==1.3.0
    # via xyzpy
h5py==3.11.0
    # via
    #   h5netcdf
    #   xyzpy
html5lib==1.1
    # via pip-audit
httpcore==1.0.5
    # via httpx
httpx==0.27.0
    # via jupyterlab
humanfriendly==10.0
    # via coloredlogs
hypothesis==6.108.4
    # via baybe (pyproject.toml)
identify==2.6.0
    # via pre-commit
idna==3.7
    # via
    #   anyio
    #   httpx
    #   jsonschema
    #   requests
imagesize==1.4.1
    # via sphinx
importlib-metadata==7.1.0
    # via
    #   dask
    #   opentelemetry-api
iniconfig==2.0.0
    # via pytest
intel-openmp==2021.4.0 ; platform_system == 'Windows'
    # via mkl
interface-meta==1.3.0
    # via formulaic
ipykernel==6.29.5
    # via
    #   jupyter
    #   jupyter-console
    #   jupyterlab
    #   qtconsole
ipython==8.26.0
    # via
    #   ipykernel
    #   ipywidgets
    #   jupyter-console
ipywidgets==8.1.3
    # via jupyter
isoduration==20.11.0
    # via jsonschema
jaxtyping==0.2.33
    # via linear-operator
jedi==0.19.1
    # via ipython
jinja2==3.1.4
    # via
    #   altair
    #   jupyter-server
    #   jupyterlab
    #   jupyterlab-server
    #   myst-parser
    #   nbconvert
    #   pydeck
    #   sphinx
    #   torch
joblib==1.4.2
    # via
    #   baybe (pyproject.toml)
    #   scikit-learn
    #   xyzpy
json5==0.9.25
    # via jupyterlab-server
jsonpointer==3.0.0
    # via jsonschema
jsonschema==4.23.0
    # via
    #   altair
    #   jupyter-events
    #   jupyterlab-server
    #   nbformat
jsonschema-specifications==2023.12.1
    # via jsonschema
jupyter==1.0.0
    # via baybe (pyproject.toml)
jupyter-client==8.6.2
    # via
    #   ipykernel
    #   jupyter-console
    #   jupyter-server
    #   nbclient
    #   qtconsole
jupyter-console==6.6.3
    # via jupyter
jupyter-core==5.7.2
    # via
    #   ipykernel
    #   jupyter-client
    #   jupyter-console
    #   jupyter-server
    #   jupyterlab
    #   nbclient
    #   nbconvert
    #   nbformat
    #   qtconsole
jupyter-events==0.10.0
    # via jupyter-server
jupyter-lsp==2.2.5
    # via jupyterlab
jupyter-server==2.14.2
    # via
    #   jupyter-lsp
    #   jupyterlab
    #   jupyterlab-server
    #   notebook
    #   notebook-shim
jupyter-server-terminals==0.5.3
    # via jupyter-server
jupyterlab==4.2.4
    # via notebook
jupyterlab-pygments==0.3.0
    # via nbconvert
jupyterlab-server==2.27.3
    # via
    #   jupyterlab
    #   notebook
jupyterlab-widgets==3.0.11
    # via ipywidgets
jupytext==1.16.3
    # via baybe (pyproject.toml)
kiwisolver==1.4.5
    # via matplotlib
latexcodec==3.0.0
    # via pybtex
license-expression==30.3.0
    # via cyclonedx-python-lib
lifelines==0.29.0
    # via ngboost
linear-operator==0.5.2
    # via
    #   botorch
    #   gpytorch
locket==1.0.0
    # via partd
markdown-it-py==3.0.0
    # via
    #   jupytext
    #   mdit-py-plugins
    #   myst-parser
    #   rich
markupsafe==2.1.5
    # via
    #   jinja2
    #   nbconvert
matplotlib==3.9.1
    # via
    #   baybe (pyproject.toml)
    #   lifelines
    #   seaborn
    #   types-seaborn
matplotlib-inline==0.1.7
    # via
    #   ipykernel
    #   ipython
mccabe==0.7.0
    # via flake8
mdit-py-plugins==0.4.1
    # via
    #   jupytext
    #   myst-parser
mdurl==0.1.2
    # via markdown-it-py
mistune==3.0.2
    # via nbconvert
mkl==2021.4.0 ; platform_system == 'Windows'
    # via torch
mordredcommunity==2.0.6
    # via baybe (pyproject.toml)
mpmath==1.3.0
    # via
    #   botorch
    #   gpytorch
    #   sympy
msgpack==1.0.8
    # via cachecontrol
multipledispatch==1.0.0
    # via botorch
mypy==1.11.0
    # via baybe (pyproject.toml)
mypy-extensions==1.0.0
    # via mypy
myst-parser==3.0.1
    # via baybe (pyproject.toml)
nbclient==0.10.0
    # via nbconvert
nbconvert==7.16.4
    # via
    #   jupyter
    #   jupyter-server
nbformat==5.10.4
    # via
    #   jupyter-server
    #   jupytext
    #   nbclient
    #   nbconvert
nest-asyncio==1.6.0
    # via ipykernel
networkx==3.3
    # via
    #   mordredcommunity
    #   torch
ngboost==0.5.1
    # via baybe (pyproject.toml)
nodeenv==1.9.1
    # via pre-commit
notebook==7.2.1
    # via jupyter
notebook-shim==0.2.4
    # via
    #   jupyterlab
    #   notebook
numpy==1.26.4
    # via
    #   baybe (pyproject.toml)
    #   altair
    #   autograd
    #   botorch
    #   contourpy
    #   formulaic
    #   h5py
    #   lifelines
    #   matplotlib
    #   mordredcommunity
    #   ngboost
    #   onnx
    #   onnxconverter-common
    #   onnxruntime
    #   opt-einsum
    #   pandas
    #   pandas-stubs
    #   pyarrow
    #   pydeck
    #   pyro-ppl
    #   rdkit
    #   scikit-learn
    #   scikit-learn-extra
    #   scipy
    #   seaborn
    #   streamlit
    #   types-seaborn
    #   xarray
    #   xyzpy
nvidia-cublas-cu12==12.1.3.1 ; platform_machine == 'x86_64' and platform_system == 'Linux'
    # via
    #   nvidia-cudnn-cu12
    #   nvidia-cusolver-cu12
    #   torch
nvidia-cuda-cupti-cu12==12.1.105 ; platform_machine == 'x86_64' and platform_system == 'Linux'
    # via torch
nvidia-cuda-nvrtc-cu12==12.1.105 ; platform_machine == 'x86_64' and platform_system == 'Linux'
    # via torch
nvidia-cuda-runtime-cu12==12.1.105 ; platform_machine == 'x86_64' and platform_system == 'Linux'
    # via torch
nvidia-cudnn-cu12==8.9.2.26 ; platform_machine == 'x86_64' and platform_system == 'Linux'
    # via torch
nvidia-cufft-cu12==11.0.2.54 ; platform_machine == 'x86_64' and platform_system == 'Linux'
    # via torch
nvidia-curand-cu12==10.3.2.106 ; platform_machine == 'x86_64' and platform_system == 'Linux'
    # via torch
nvidia-cusolver-cu12==11.4.5.107 ; platform_machine == 'x86_64' and platform_system == 'Linux'
    # via torch
nvidia-cusparse-cu12==12.1.0.106 ; platform_machine == 'x86_64' and platform_system == 'Linux'
    # via
    #   nvidia-cusolver-cu12
    #   torch
nvidia-nccl-cu12==2.20.5 ; platform_machine == 'x86_64' and platform_system == 'Linux'
    # via torch
nvidia-nvjitlink-cu12==12.5.82 ; platform_machine == 'x86_64' and platform_system == 'Linux'
    # via
    #   nvidia-cusolver-cu12
    #   nvidia-cusparse-cu12
nvidia-nvtx-cu12==12.1.105 ; platform_machine == 'x86_64' and platform_system == 'Linux'
    # via torch
onnx==1.16.1
    # via
    #   baybe (pyproject.toml)
    #   onnxconverter-common
    #   skl2onnx
onnxconverter-common==1.13.0
    # via skl2onnx
onnxruntime==1.18.1
    # via baybe (pyproject.toml)
openpyxl==3.1.5
    # via baybe (pyproject.toml)
opentelemetry-api==1.25.0
    # via
    #   opentelemetry-exporter-otlp-proto-grpc
    #   opentelemetry-exporter-otlp-proto-http
    #   opentelemetry-propagator-aws-xray
    #   opentelemetry-sdk
    #   opentelemetry-semantic-conventions
opentelemetry-exporter-otlp==1.25.0
    # via baybe (pyproject.toml)
opentelemetry-exporter-otlp-proto-common==1.25.0
    # via
    #   opentelemetry-exporter-otlp-proto-grpc
    #   opentelemetry-exporter-otlp-proto-http
opentelemetry-exporter-otlp-proto-grpc==1.25.0
    # via opentelemetry-exporter-otlp
opentelemetry-exporter-otlp-proto-http==1.25.0
    # via opentelemetry-exporter-otlp
opentelemetry-propagator-aws-xray==1.0.1
    # via baybe (pyproject.toml)
opentelemetry-proto==1.25.0
    # via
    #   opentelemetry-exporter-otlp-proto-common
    #   opentelemetry-exporter-otlp-proto-grpc
    #   opentelemetry-exporter-otlp-proto-http
opentelemetry-sdk==1.25.0
    # via
    #   baybe (pyproject.toml)
    #   opentelemetry-exporter-otlp-proto-grpc
    #   opentelemetry-exporter-otlp-proto-http
    #   opentelemetry-sdk-extension-aws
opentelemetry-sdk-extension-aws==2.0.1
    # via baybe (pyproject.toml)
opentelemetry-semantic-conventions==0.46b0
    # via opentelemetry-sdk
opt-einsum==3.3.0
    # via pyro-ppl
overrides==7.7.0
    # via jupyter-server
packageurl-python==0.15.4
    # via cyclonedx-python-lib
packaging==24.1
    # via
    #   altair
    #   dask
    #   h5netcdf
    #   ipykernel
    #   jupyter-server
    #   jupyterlab
    #   jupyterlab-server
    #   jupytext
    #   matplotlib
    #   mordredcommunity
    #   nbconvert
    #   onnxconverter-common
    #   onnxruntime
    #   pip-audit
    #   pip-requirements-parser
    #   plotly
    #   pyproject-api
    #   pytest
    #   qtconsole
    #   qtpy
    #   setuptools-scm
    #   sphinx
    #   streamlit
    #   tox
    #   tox-uv
    #   xarray
pandas==2.2.2
    # via
    #   baybe (pyproject.toml)
    #   altair
    #   formulaic
    #   hypothesis
    #   lifelines
    #   seaborn
    #   streamlit
    #   xarray
    #   xyzpy
pandas-stubs==2.2.2.240603
    # via
    #   baybe (pyproject.toml)
    #   types-seaborn
pandocfilters==1.5.1
    # via nbconvert
parso==0.8.4
    # via jedi
partd==1.4.2
    # via dask
pexpect==4.9.0 ; sys_platform != 'emscripten' and sys_platform != 'win32'
    # via ipython
pillow==10.4.0
    # via
    #   baybe (pyproject.toml)
    #   matplotlib
    #   rdkit
    #   streamlit
pip==24.1.2
    # via pip-api
pip-api==0.0.34
    # via pip-audit
pip-audit==2.7.3
    # via baybe (pyproject.toml)
pip-requirements-parser==32.0.1
    # via pip-audit
platformdirs==4.2.2
    # via
    #   jupyter-core
    #   tox
    #   virtualenv
plotly==5.23.0
    # via baybe (pyproject.toml)
pluggy==1.5.0
    # via
    #   pytest
    #   tox
polars==1.4.1
    # via baybe (pyproject.toml)
pre-commit==3.7.1
    # via baybe (pyproject.toml)
prometheus-client==0.20.0
    # via jupyter-server
prompt-toolkit==3.0.47
    # via
    #   ipython
    #   jupyter-console
protobuf==3.20.3
    # via
    #   baybe (pyproject.toml)
    #   googleapis-common-protos
    #   onnx
    #   onnxconverter-common
    #   onnxruntime
    #   opentelemetry-proto
    #   streamlit
psutil==6.0.0
    # via ipykernel
ptyprocess==0.7.0 ; os_name != 'nt' or (sys_platform != 'emscripten' and sys_platform != 'win32')
    # via
    #   pexpect
    #   terminado
pure-eval==0.2.3
    # via stack-data
py-serializable==1.1.0
    # via cyclonedx-python-lib
pyarrow==17.0.0
    # via
    #   polars
    #   streamlit
pybtex==0.24.0
    # via
    #   pybtex-docutils
    #   sphinxcontrib-bibtex
pybtex-docutils==1.0.3
    # via sphinxcontrib-bibtex
pycodestyle==2.12.0
    # via flake8
pycparser==2.22
    # via cffi
pydeck==0.9.1
    # via streamlit
pydoclint==0.5.5
    # via baybe (pyproject.toml)
pyflakes==3.2.0
    # via flake8
pygments==2.18.0
    # via
    #   furo
    #   ipython
    #   jupyter-console
    #   nbconvert
    #   qtconsole
    #   rich
    #   sphinx
pyparsing==3.1.2
    # via
    #   matplotlib
    #   pip-requirements-parser
pyproject-api==1.7.1
    # via tox
pyreadline3==3.4.1 ; sys_platform == 'win32'
    # via humanfriendly
pyro-api==0.1.2
    # via pyro-ppl
pyro-ppl==1.9.1
    # via botorch
pytest==8.3.1
    # via
    #   baybe (pyproject.toml)
    #   pytest-cov
pytest-cov==5.0.0
    # via baybe (pyproject.toml)
python-dateutil==2.9.0.post0
    # via
    #   arrow
    #   jupyter-client
    #   matplotlib
    #   pandas
python-json-logger==2.0.7
    # via jupyter-events
pytz==2024.1
    # via pandas
pyupgrade==3.16.0
    # via baybe (pyproject.toml)
pywin32==306 ; platform_python_implementation != 'PyPy' and sys_platform == 'win32'
    # via jupyter-core
pywinpty==2.0.13 ; os_name == 'nt'
    # via
    #   jupyter-server
    #   jupyter-server-terminals
    #   terminado
pyyaml==6.0.1
    # via
    #   dask
    #   jupyter-events
    #   jupytext
    #   myst-parser
    #   pre-commit
    #   pybtex
pyzmq==26.0.3
    # via
    #   ipykernel
    #   jupyter-client
    #   jupyter-console
    #   jupyter-server
    #   qtconsole
qtconsole==5.5.2
    # via jupyter
qtpy==2.4.1
    # via qtconsole
rdkit==2024.3.3
    # via
    #   baybe (pyproject.toml)
    #   mordredcommunity
referencing==0.35.1
    # via
    #   jsonschema
    #   jsonschema-specifications
    #   jupyter-events
requests==2.32.3
    # via
    #   cachecontrol
    #   jupyterlab-server
    #   opentelemetry-exporter-otlp-proto-http
    #   pip-audit
    #   sphinx
    #   streamlit
rfc3339-validator==0.1.4
    # via
    #   jsonschema
    #   jupyter-events
rfc3986-validator==0.1.1
    # via
    #   jsonschema
    #   jupyter-events
rich==13.7.1
    # via
    #   pip-audit
    #   streamlit
rpds-py==0.19.0
    # via
    #   jsonschema
    #   referencing
ruff==0.5.2
    # via baybe (pyproject.toml)
scikit-learn==1.5.1
    # via
    #   baybe (pyproject.toml)
    #   gpytorch
    #   ngboost
    #   scikit-learn-extra
    #   skl2onnx
scikit-learn-extra==0.3.0
    # via baybe (pyproject.toml)
scipy==1.14.0
    # via
    #   baybe (pyproject.toml)
    #   autograd-gamma
    #   botorch
    #   formulaic
    #   gpytorch
    #   lifelines
    #   linear-operator
    #   ngboost
    #   scikit-learn
    #   scikit-learn-extra
seaborn==0.13.2
    # via baybe (pyproject.toml)
send2trash==1.8.3
    # via jupyter-server
setuptools==71.1.0
    # via
    #   jupyterlab
    #   setuptools-scm
setuptools-scm==8.1.0
    # via baybe (pyproject.toml)
six==1.16.0
    # via
    #   asttokens
    #   bleach
    #   html5lib
    #   mordredcommunity
    #   pybtex
    #   python-dateutil
    #   rfc3339-validator
skl2onnx==1.17.0
    # via baybe (pyproject.toml)
smmap==5.0.1
    # via gitdb
sniffio==1.3.1
    # via
    #   anyio
    #   httpx
snowballstemmer==2.2.0
    # via sphinx
sortedcontainers==2.4.0
    # via
    #   cyclonedx-python-lib
    #   hypothesis
soupsieve==2.5
    # via beautifulsoup4
sphinx==7.4.7
    # via
    #   baybe (pyproject.toml)
    #   furo
    #   myst-parser
    #   sphinx-autodoc-typehints
    #   sphinx-basic-ng
    #   sphinx-copybutton
    #   sphinxcontrib-bibtex
sphinx-autodoc-typehints==2.2.3
    # via baybe (pyproject.toml)
sphinx-basic-ng==1.0.0b2
    # via furo
sphinx-copybutton==0.5.2
    # via baybe (pyproject.toml)
sphinxcontrib-applehelp==1.0.8
    # via sphinx
sphinxcontrib-bibtex==2.6.2
    # via baybe (pyproject.toml)
sphinxcontrib-devhelp==1.0.6
    # via sphinx
sphinxcontrib-htmlhelp==2.0.6
    # via sphinx
sphinxcontrib-jsmath==1.0.1
    # via sphinx
sphinxcontrib-qthelp==1.0.8
    # via sphinx
sphinxcontrib-serializinghtml==1.1.10
    # via sphinx
stack-data==0.6.3
    # via ipython
streamlit==1.36.0
    # via baybe (pyproject.toml)
sympy==1.13.1
    # via
    #   onnxruntime
    #   torch
tbb==2021.13.0 ; platform_system == 'Windows'
    # via mkl
tenacity==8.5.0
    # via
    #   baybe (pyproject.toml)
    #   plotly
    #   streamlit
terminado==0.18.1
    # via
    #   jupyter-server
    #   jupyter-server-terminals
threadpoolctl==3.5.0
    # via scikit-learn
tinycss2==1.3.0
    # via nbconvert
tokenize-rt==5.2.0
    # via pyupgrade
toml==0.10.2
    # via
    #   pip-audit
    #   streamlit
tomli==2.0.1 ; python_full_version == '3.11'
    # via
    #   coverage
    #   jupyterlab
    #   jupytext
    #   mypy
    #   pydoclint
    #   pyproject-api
    #   pytest
    #   setuptools-scm
    #   sphinx
    #   tox
toolz==0.12.1
    # via
    #   altair
    #   dask
    #   partd
torch==2.3.1
    # via
    #   baybe (pyproject.toml)
    #   botorch
    #   linear-operator
    #   pyro-ppl
tornado==6.4.1
    # via
    #   baybe (pyproject.toml)
    #   ipykernel
    #   jupyter-client
    #   jupyter-server
    #   jupyterlab
    #   notebook
    #   streamlit
    #   terminado
tox==4.16.0
    # via tox-uv
tox-uv==1.9.1
    # via baybe (pyproject.toml)
tqdm==4.66.4
    # via
    #   ngboost
    #   pyro-ppl
    #   xyzpy
traitlets==5.14.3
    # via
    #   comm
    #   ipykernel
    #   ipython
    #   ipywidgets
    #   jupyter-client
    #   jupyter-console
    #   jupyter-core
    #   jupyter-events
    #   jupyter-server
    #   jupyterlab
    #   matplotlib-inline
    #   nbclient
    #   nbconvert
    #   nbformat
    #   qtconsole
triton==2.3.1 ; python_full_version < '3.12' and platform_machine == 'x86_64' and platform_system == 'Linux'
    # via torch
typeguard==2.13.3
    # via
    #   jaxtyping
    #   linear-operator
types-python-dateutil==2.9.0.20240316
    # via arrow
types-pytz==2024.1.0.20240417
    # via pandas-stubs
types-seaborn==0.13.2.20240618
    # via baybe (pyproject.toml)
typing-extensions==4.12.2
    # via
    #   baybe (pyproject.toml)
    #   altair
    #   anyio
    #   async-lru
    #   cattrs
    #   formulaic
    #   funcy-stubs
    #   ipython
    #   mypy
    #   opentelemetry-sdk
    #   streamlit
    #   torch
tzdata==2024.1
    # via pandas
uri-template==1.3.0
    # via jsonschema
urllib3==2.2.2
    # via requests
uv==0.3.0
    # via
    #   baybe (pyproject.toml)
    #   tox-uv
virtualenv==20.26.3
    # via
    #   pre-commit
    #   tox
watchdog==4.0.1 ; platform_system != 'Darwin'
    # via streamlit
wcwidth==0.2.13
    # via prompt-toolkit
webcolors==24.6.0
    # via jsonschema
webencodings==0.5.1
    # via
    #   bleach
    #   html5lib
    #   tinycss2
websocket-client==1.8.0
    # via jupyter-server
widgetsnbextension==4.0.11
    # via ipywidgets
wrapt==1.16.0
    # via
    #   deprecated
    #   formulaic
xarray==2024.6.0
    # via xyzpy
xyzpy==1.2.1
    # via baybe (pyproject.toml)
zipp==3.19.2
    # via importlib-metadata
